
Microsoft Visual Studio Solution File, Format Version 12.00
# Visual Studio Version 17
VisualStudioVersion = 17.1.32210.238
MinimumVisualStudioVersion = 10.0.40219.1
Project("{8BC9CEB8-8B4A-11D0-8D11-00A0C91BC942}") = "BOJ_21612", "BOJ_21612.vcxproj", "{9567289F-6B00-4070-A3E9-2D6A8DD245AA}"
EndProject
Global
	GlobalSection(SolutionConfigurationPlatforms) = preSolution
		Debug|x64 = Debug|x64
		Release|x64 = Release|x64
	EndGlobalSection
	GlobalSection(ProjectConfigurationPlatforms) = postSolution
		{9567289F-6B00-4070-A3E9-2D6A8DD245AA}.Debug|x64.ActiveCfg = Debug|x64
		{9567289F-6B00-4070-A3E9-2D6A8DD245AA}.Debug|x64.Build.0 = Debug|x64
		{9567289F-6B00-4070-A3E9-2D6A8DD245AA}.Release|x64.ActiveCfg = Release|x64
		{9567289F-6B00-4070-A3E9-2D6A8DD245AA}.Release|x64.Build.0 = Release|x64
	EndGlobalSection
	GlobalSection(SolutionProperties) = preSolution
		HideSolutionNode = FALSE
	EndGlobalSection
	GlobalSection(ExtensibilityGlobals) = postSolution
		SolutionGuid = {0D71D42A-D736-4192-9879-C69FB6BC630E}
	EndGlobalSection
EndGlobal
